
Microsoft Visual Studio Solution File, Format Version 12.00
# Visual Studio 2012
Project("{FAE04EC0-301F-11D3-BF4B-00C04F79EFBC}") = "2004193_Alexander_BobsBurgers15", "2004193_Alexander_BobsBurgers15\2004193_Alexander_BobsBurgers15.csproj", "{564614AC-2F10-4D67-9F14-58812261BCE8}"
EndProject
Global
	GlobalSection(SolutionConfigurationPlatforms) = preSolution
		Debug|Any CPU = Debug|Any CPU
		Release|Any CPU = Release|Any CPU
	EndGlobalSection
	GlobalSection(ProjectConfigurationPlatforms) = postSolution
		{564614AC-2F10-4D67-9F14-58812261BCE8}.Debug|Any CPU.ActiveCfg = Debug|Any CPU
		{564614AC-2F10-4D67-9F14-58812261BCE8}.Debug|Any CPU.Build.0 = Debug|Any CPU
		{564614AC-2F10-4D67-9F14-58812261BCE8}.Release|Any CPU.ActiveCfg = Release|Any CPU
		{564614AC-2F10-4D67-9F14-58812261BCE8}.Release|Any CPU.Build.0 = Release|Any CPU
	EndGlobalSection
	GlobalSection(SolutionProperties) = preSolution
		HideSolutionNode = FALSE
	EndGlobalSection
EndGlobal
