
Microsoft Visual Studio Solution File, Format Version 12.00
# Visual Studio 2012
Project("{FAE04EC0-301F-11D3-BF4B-00C04F79EFBC}") = "2004193_Alexander_ProgrammingExercise54", "2004193_Alexander_ProgrammingExercise54\2004193_Alexander_ProgrammingExercise54.csproj", "{FF1A1DAC-AB0C-408C-AEF5-F18818985AFB}"
EndProject
Global
	GlobalSection(SolutionConfigurationPlatforms) = preSolution
		Debug|Any CPU = Debug|Any CPU
		Release|Any CPU = Release|Any CPU
	EndGlobalSection
	GlobalSection(ProjectConfigurationPlatforms) = postSolution
		{FF1A1DAC-AB0C-408C-AEF5-F18818985AFB}.Debug|Any CPU.ActiveCfg = Debug|Any CPU
		{FF1A1DAC-AB0C-408C-AEF5-F18818985AFB}.Debug|Any CPU.Build.0 = Debug|Any CPU
		{FF1A1DAC-AB0C-408C-AEF5-F18818985AFB}.Release|Any CPU.ActiveCfg = Release|Any CPU
		{FF1A1DAC-AB0C-408C-AEF5-F18818985AFB}.Release|Any CPU.Build.0 = Release|Any CPU
	EndGlobalSection
	GlobalSection(SolutionProperties) = preSolution
		HideSolutionNode = FALSE
	EndGlobalSection
EndGlobal
